
Microsoft Visual Studio Solution File, Format Version 12.00
Project("{2150E333-8FDC-42A3-9474-1A3956D46DE8}") = "src", "src", "{B5804491-97B4-4821-A5F4-1FD5F59A5D3B}"
EndProject
Project("{2150E333-8FDC-42A3-9474-1A3956D46DE8}") = "web", "web", "{A5E2E679-E350-42DD-B216-4978B1E115CE}"
EndProject
Project("{FAE04EC0-301F-11D3-BF4B-00C04F79EFBC}") = "StatGenius.Web.Api", "src\web\StatGenius.Web.Api\StatGenius.Web.Api.csproj", "{B903CF9B-AE60-441F-906C-89D6A42D4F5C}"
EndProject
Project("{2150E333-8FDC-42A3-9474-1A3956D46DE8}") = "data", "data", "{D24CF955-E844-4316-BA9B-BDA067B6946E}"
EndProject
Project("{2150E333-8FDC-42A3-9474-1A3956D46DE8}") = "sql", "sql", "{5CDAC6D6-1085-4100-8EBD-CA6612EB608B}"
EndProject
Project("{FAE04EC0-301F-11D3-BF4B-00C04F79EFBC}") = "StatGenius.Data.Sql", "src\data\sql\StatGenius.Data.Sql\StatGenius.Data.Sql.csproj", "{8B39BB27-E613-42A8-A8C3-9EF5F0A07EFB}"
EndProject
Project("{2150E333-8FDC-42A3-9474-1A3956D46DE8}") = "datafeed", "datafeed", "{0E3193BA-3FEC-483F-B95C-8D772DE15F10}"
EndProject
Project("{FAE04EC0-301F-11D3-BF4B-00C04F79EFBC}") = "StatGenius.DataFeed.SportMonks", "src\datafeed\StatGenius.DataFeed.SportMonks\StatGenius.DataFeed.SportMonks.csproj", "{90961689-2A27-4F40-8A80-DEC10235CE85}"
EndProject
Project("{2150E333-8FDC-42A3-9474-1A3956D46DE8}") = "test", "test", "{19DAF27A-0249-448F-B712-359F39024C8C}"
EndProject
Project("{FAE04EC0-301F-11D3-BF4B-00C04F79EFBC}") = "StatGenius.Test.ConsoleMock", "src\StatGenius.Test.ConsoleMock\StatGenius.Test.ConsoleMock.csproj", "{D92DCB72-A12D-4642-A8F0-3CE27D6F0EBE}"
EndProject
Project("{2150E333-8FDC-42A3-9474-1A3956D46DE8}") = "common", "common", "{C821E2E9-B56F-4972-A010-FF4E9DC6A10B}"
EndProject
Project("{FAE04EC0-301F-11D3-BF4B-00C04F79EFBC}") = "StatGenius.Common", "src\common\StatGenius.Common\StatGenius.Common.csproj", "{5F891AE6-AC73-4D88-A070-428A84D525D0}"
EndProject
Global
	GlobalSection(SolutionConfigurationPlatforms) = preSolution
		Debug|Any CPU = Debug|Any CPU
		Release|Any CPU = Release|Any CPU
	EndGlobalSection
	GlobalSection(NestedProjects) = preSolution
		{A5E2E679-E350-42DD-B216-4978B1E115CE} = {B5804491-97B4-4821-A5F4-1FD5F59A5D3B}
		{B903CF9B-AE60-441F-906C-89D6A42D4F5C} = {A5E2E679-E350-42DD-B216-4978B1E115CE}
		{D24CF955-E844-4316-BA9B-BDA067B6946E} = {B5804491-97B4-4821-A5F4-1FD5F59A5D3B}
		{5CDAC6D6-1085-4100-8EBD-CA6612EB608B} = {D24CF955-E844-4316-BA9B-BDA067B6946E}
		{8B39BB27-E613-42A8-A8C3-9EF5F0A07EFB} = {5CDAC6D6-1085-4100-8EBD-CA6612EB608B}
		{0E3193BA-3FEC-483F-B95C-8D772DE15F10} = {B5804491-97B4-4821-A5F4-1FD5F59A5D3B}
		{90961689-2A27-4F40-8A80-DEC10235CE85} = {0E3193BA-3FEC-483F-B95C-8D772DE15F10}
		{19DAF27A-0249-448F-B712-359F39024C8C} = {B5804491-97B4-4821-A5F4-1FD5F59A5D3B}
		{D92DCB72-A12D-4642-A8F0-3CE27D6F0EBE} = {19DAF27A-0249-448F-B712-359F39024C8C}
		{C821E2E9-B56F-4972-A010-FF4E9DC6A10B} = {B5804491-97B4-4821-A5F4-1FD5F59A5D3B}
		{5F891AE6-AC73-4D88-A070-428A84D525D0} = {C821E2E9-B56F-4972-A010-FF4E9DC6A10B}
	EndGlobalSection
	GlobalSection(ProjectConfigurationPlatforms) = postSolution
		{B903CF9B-AE60-441F-906C-89D6A42D4F5C}.Debug|Any CPU.ActiveCfg = Debug|Any CPU
		{B903CF9B-AE60-441F-906C-89D6A42D4F5C}.Debug|Any CPU.Build.0 = Debug|Any CPU
		{B903CF9B-AE60-441F-906C-89D6A42D4F5C}.Release|Any CPU.ActiveCfg = Release|Any CPU
		{B903CF9B-AE60-441F-906C-89D6A42D4F5C}.Release|Any CPU.Build.0 = Release|Any CPU
		{8B39BB27-E613-42A8-A8C3-9EF5F0A07EFB}.Debug|Any CPU.ActiveCfg = Debug|Any CPU
		{8B39BB27-E613-42A8-A8C3-9EF5F0A07EFB}.Debug|Any CPU.Build.0 = Debug|Any CPU
		{8B39BB27-E613-42A8-A8C3-9EF5F0A07EFB}.Release|Any CPU.ActiveCfg = Release|Any CPU
		{8B39BB27-E613-42A8-A8C3-9EF5F0A07EFB}.Release|Any CPU.Build.0 = Release|Any CPU
		{90961689-2A27-4F40-8A80-DEC10235CE85}.Debug|Any CPU.ActiveCfg = Debug|Any CPU
		{90961689-2A27-4F40-8A80-DEC10235CE85}.Debug|Any CPU.Build.0 = Debug|Any CPU
		{90961689-2A27-4F40-8A80-DEC10235CE85}.Release|Any CPU.ActiveCfg = Release|Any CPU
		{90961689-2A27-4F40-8A80-DEC10235CE85}.Release|Any CPU.Build.0 = Release|Any CPU
		{D92DCB72-A12D-4642-A8F0-3CE27D6F0EBE}.Debug|Any CPU.ActiveCfg = Debug|Any CPU
		{D92DCB72-A12D-4642-A8F0-3CE27D6F0EBE}.Debug|Any CPU.Build.0 = Debug|Any CPU
		{D92DCB72-A12D-4642-A8F0-3CE27D6F0EBE}.Release|Any CPU.ActiveCfg = Release|Any CPU
		{D92DCB72-A12D-4642-A8F0-3CE27D6F0EBE}.Release|Any CPU.Build.0 = Release|Any CPU
		{5F891AE6-AC73-4D88-A070-428A84D525D0}.Debug|Any CPU.ActiveCfg = Debug|Any CPU
		{5F891AE6-AC73-4D88-A070-428A84D525D0}.Debug|Any CPU.Build.0 = Debug|Any CPU
		{5F891AE6-AC73-4D88-A070-428A84D525D0}.Release|Any CPU.ActiveCfg = Release|Any CPU
		{5F891AE6-AC73-4D88-A070-428A84D525D0}.Release|Any CPU.Build.0 = Release|Any CPU
	EndGlobalSection
EndGlobal
